// !$*UTF8*$!
{
	archiveVersion = 1;
	classes = {
	};
	objectVersion = 46;
	objects = {

/* Begin PBXBuildFile section */
		91831EED1B314A8E001EDCC8 /* main.m in Sources */ = {isa = PBXBuildFile; fileRef = 91831EEC1B314A8E001EDCC8 /* main.m */; };
		91831EF01B314A8E001EDCC8 /* AppDelegate.m in Sources */ = {isa = PBXBuildFile; fileRef = 91831EEF1B314A8E001EDCC8 /* AppDelegate.m */; };
		91831EF31B314A8E001EDCC8 /* ViewController.m in Sources */ = {isa = PBXBuildFile; fileRef = 91831EF21B314A8E001EDCC8 /* ViewController.m */; };
		91831EF61B314A8E001EDCC8 /* Main.storyboard in Resources */ = {isa = PBXBuildFile; fileRef = 91831EF41B314A8E001EDCC8 /* Main.storyboard */; };
		91831EF81B314A8E001EDCC8 /* Images.xcassets in Resources */ = {isa = PBXBuildFile; fileRef = 91831EF71B314A8E001EDCC8 /* Images.xcassets */; };
		91831EFB1B314A8E001EDCC8 /* LaunchScreen.xib in Resources */ = {isa = PBXBuildFile; fileRef = 91831EF91B314A8E001EDCC8 /* LaunchScreen.xib */; };
		91831F071B314A8E001EDCC8 /* Day4_PhotoBombersAppTests.m in Sources */ = {isa = PBXBuildFile; fileRef = 91831F061B314A8E001EDCC8 /* Day4_PhotoBombersAppTests.m */; };
		91831F181B314F3E001EDCC8 /* PhotoCollectionViewCell.m in Sources */ = {isa = PBXBuildFile; fileRef = 91831F171B314F3E001EDCC8 /* PhotoCollectionViewCell.m */; };
		91831F1E1B316952001EDCC8 /* totoro.jpg in Resources */ = {isa = PBXBuildFile; fileRef = 91831F1D1B316952001EDCC8 /* totoro.jpg */; };
/* End PBXBuildFile section */

/* Begin PBXContainerItemProxy section */
		91831F011B314A8E001EDCC8 /* PBXContainerItemProxy */ = {
			isa = PBXContainerItemProxy;
			containerPortal = 91831EDF1B314A8E001EDCC8 /* Project object */;
			proxyType = 1;
			remoteGlobalIDString = 91831EE61B314A8E001EDCC8;
			remoteInfo = Day4_PhotoBombersApp;
		};
/* End PBXContainerItemProxy section */

/* Begin PBXFileReference section */
		91831EE71B314A8E001EDCC8 /* Day4_PhotoBombersApp.app */ = {isa = PBXFileReference; explicitFileType = wrapper.application; includeInIndex = 0; path = Day4_PhotoBombersApp.app; sourceTree = BUILT_PRODUCTS_DIR; };
		91831EEB1B314A8E001EDCC8 /* Info.plist */ = {isa = PBXFileReference; lastKnownFileType = text.plist.xml; path = Info.plist; sourceTree = "<group>"; };
		91831EEC1B314A8E001EDCC8 /* main.m */ = {isa = PBXFileReference; lastKnownFileType = sourcecode.c.objc; path = main.m; sourceTree = "<group>"; };
		91831EEE1B314A8E001EDCC8 /* AppDelegate.h */ = {isa = PBXFileReference; lastKnownFileType = sourcecode.c.h; path = AppDelegate.h; sourceTree = "<group>"; };
		91831EEF1B314A8E001EDCC8 /* AppDelegate.m */ = {isa = PBXFileReference; lastKnownFileType = sourcecode.c.objc; path = AppDelegate.m; sourceTree = "<group>"; };
		91831EF11B314A8E001EDCC8 /* ViewController.h */ = {isa = PBXFileReference; lastKnownFileType = sourcecode.c.h; path = ViewController.h; sourceTree = "<group>"; };
		91831EF21B314A8E001EDCC8 /* ViewController.m */ = {isa = PBXFileReference; lastKnownFileType = sourcecode.c.objc; path = ViewController.m; sourceTree = "<group>"; };
		91831EF51B314A8E001EDCC8 /* Base */ = {isa = PBXFileReference; lastKnownFileType = file.storyboard; name = Base; path = Base.lproj/Main.storyboard; sourceTree = "<group>"; };
		91831EF71B314A8E001EDCC8 /* Images.xcassets */ = {isa = PBXFileReference; lastKnownFileType = folder.assetcatalog; path = Images.xcassets; sourceTree = "<group>"; };
		91831EFA1B314A8E001EDCC8 /* Base */ = {isa = PBXFileReference; lastKnownFileType = file.xib; name = Base; path = Base.lproj/LaunchScreen.xib; sourceTree = "<group>"; };
		91831F001B314A8E001EDCC8 /* Day4_PhotoBombersAppTests.xctest */ = {isa = PBXFileReference; explicitFileType = wrapper.cfbundle; includeInIndex = 0; path = Day4_PhotoBombersAppTests.xctest; sourceTree = BUILT_PRODUCTS_DIR; };
		91831F051B314A8E001EDCC8 /* Info.plist */ = {isa = PBXFileReference; lastKnownFileType = text.plist.xml; path = Info.plist; sourceTree = "<group>"; };
		91831F061B314A8E001EDCC8 /* Day4_PhotoBombersAppTests.m */ = {isa = PBXFileReference; lastKnownFileType = sourcecode.c.objc; path = Day4_PhotoBombersAppTests.m; sourceTree = "<group>"; };
		91831F161B314F3E001EDCC8 /* PhotoCollectionViewCell.h */ = {isa = PBXFileReference; fileEncoding = 4; lastKnownFileType = sourcecode.c.h; path = PhotoCollectionViewCell.h; sourceTree = "<group>"; };
		91831F171B314F3E001EDCC8 /* PhotoCollectionViewCell.m */ = {isa = PBXFileReference; fileEncoding = 4; lastKnownFileType = sourcecode.c.objc; path = PhotoCollectionViewCell.m; sourceTree = "<group>"; };
		91831F1D1B316952001EDCC8 /* totoro.jpg */ = {isa = PBXFileReference; lastKnownFileType = image.jpeg; name = totoro.jpg; path = ../../../totoro.jpg; sourceTree = "<group>"; };
/* End PBXFileReference section */

/* Begin PBXFrameworksBuildPhase section */
		91831EE41B314A8E001EDCC8 /* Frameworks */ = {
			isa = PBXFrameworksBuildPhase;
			buildActionMask = 2147483647;
			files = (
			);
			runOnlyForDeploymentPostprocessing = 0;
		};
		91831EFD1B314A8E001EDCC8 /* Frameworks */ = {
			isa = PBXFrameworksBuildPhase;
			buildActionMask = 2147483647;
			files = (
			);
			runOnlyForDeploymentPostprocessing = 0;
		};
/* End PBXFrameworksBuildPhase section */

/* Begin PBXGroup section */
		91831EDE1B314A8E001EDCC8 = {
			isa = PBXGroup;
			children = (
				91831EE91B314A8E001EDCC8 /* Day4_PhotoBombersApp */,
				91831F031B314A8E001EDCC8 /* Day4_PhotoBombersAppTests */,
				91831EE81B314A8E001EDCC8 /* Products */,
			);
			sourceTree = "<group>";
		};
		91831EE81B314A8E001EDCC8 /* Products */ = {
			isa = PBXGroup;
			children = (
				91831EE71B314A8E001EDCC8 /* Day4_PhotoBombersApp.app */,
				91831F001B314A8E001EDCC8 /* Day4_PhotoBombersAppTests.xctest */,
			);
			name = Products;
			sourceTree = "<group>";
		};
		91831EE91B314A8E001EDCC8 /* Day4_PhotoBombersApp */ = {
			isa = PBXGroup;
			children = (
				91831EEE1B314A8E001EDCC8 /* AppDelegate.h */,
				91831F1D1B316952001EDCC8 /* totoro.jpg */,
				91831EEF1B314A8E001EDCC8 /* AppDelegate.m */,
				91831EF11B314A8E001EDCC8 /* ViewController.h */,
				91831EF21B314A8E001EDCC8 /* ViewController.m */,
				91831EF41B314A8E001EDCC8 /* Main.storyboard */,
				91831EF71B314A8E001EDCC8 /* Images.xcassets */,
				91831EF91B314A8E001EDCC8 /* LaunchScreen.xib */,
				91831EEA1B314A8E001EDCC8 /* Supporting Files */,
				91831F161B314F3E001EDCC8 /* PhotoCollectionViewCell.h */,
				91831F171B314F3E001EDCC8 /* PhotoCollectionViewCell.m */,
			);
			path = Day4_PhotoBombersApp;
			sourceTree = "<group>";
		};
		91831EEA1B314A8E001EDCC8 /* Supporting Files */ = {
			isa = PBXGroup;
			children = (
				91831EEB1B314A8E001EDCC8 /* Info.plist */,
				91831EEC1B314A8E001EDCC8 /* main.m */,
			);
			name = "Supporting Files";
			sourceTree = "<group>";
		};
		91831F031B314A8E001EDCC8 /* Day4_PhotoBombersAppTests */ = {
			isa = PBXGroup;
			children = (
				91831F061B314A8E001EDCC8 /* Day4_PhotoBombersAppTests.m */,
				91831F041B314A8E001EDCC8 /* Supporting Files */,
			);
			path = Day4_PhotoBombersAppTests;
			sourceTree = "<group>";
		};
		91831F041B314A8E001EDCC8 /* Supporting Files */ = {
			isa = PBXGroup;
			children = (
				91831F051B314A8E001EDCC8 /* Info.plist */,
			);
			name = "Supporting Files";
			sourceTree = "<group>";
		};
/* End PBXGroup section */

/* Begin PBXNativeTarget section */
		91831EE61B314A8E001EDCC8 /* Day4_PhotoBombersApp */ = {
			isa = PBXNativeTarget;
			buildConfigurationList = 91831F0A1B314A8E001EDCC8 /* Build configuration list for PBXNativeTarget "Day4_PhotoBombersApp" */;
			buildPhases = (
				91831EE31B314A8E001EDCC8 /* Sources */,
				91831EE41B314A8E001EDCC8 /* Frameworks */,
				91831EE51B314A8E001EDCC8 /* Resources */,
			);
			buildRules = (
			);
			dependencies = (
			);
			name = Day4_PhotoBombersApp;
			productName = Day4_PhotoBombersApp;
			productReference = 91831EE71B314A8E001EDCC8 /* Day4_PhotoBombersApp.app */;
			productType = "com.apple.product-type.application";
		};
		91831EFF1B314A8E001EDCC8 /* Day4_PhotoBombersAppTests */ = {
			isa = PBXNativeTarget;
			buildConfigurationList = 91831F0D1B314A8E001EDCC8 /* Build configuration list for PBXNativeTarget "Day4_PhotoBombersAppTests" */;
			buildPhases = (
				91831EFC1B314A8E001EDCC8 /* Sources */,
				91831EFD1B314A8E001EDCC8 /* Frameworks */,
				91831EFE1B314A8E001EDCC8 /* Resources */,
			);
			buildRules = (
			);
			dependencies = (
				91831F021B314A8E001EDCC8 /* PBXTargetDependency */,
			);
			name = Day4_PhotoBombersAppTests;
			productName = Day4_PhotoBombersAppTests;
			productReference = 91831F001B314A8E001EDCC8 /* Day4_PhotoBombersAppTests.xctest */;
			productType = "com.apple.product-type.bundle.unit-test";
		};
/* End PBXNativeTarget section */

/* Begin PBXProject section */
		91831EDF1B314A8E001EDCC8 /* Project object */ = {
			isa = PBXProject;
			attributes = {
				LastUpgradeCheck = 0630;
				ORGANIZATIONNAME = "Olga Khvan";
				TargetAttributes = {
					91831EE61B314A8E001EDCC8 = {
						CreatedOnToolsVersion = 6.3.2;
					};
					91831EFF1B314A8E001EDCC8 = {
						CreatedOnToolsVersion = 6.3.2;
						TestTargetID = 91831EE61B314A8E001EDCC8;
					};
				};
			};
			buildConfigurationList = 91831EE21B314A8E001EDCC8 /* Build configuration list for PBXProject "Day4_PhotoBombersApp" */;
			compatibilityVersion = "Xcode 3.2";
			developmentRegion = English;
			hasScannedForEncodings = 0;
			knownRegions = (
				en,
				Base,
			);
			mainGroup = 91831EDE1B314A8E001EDCC8;
			productRefGroup = 91831EE81B314A8E001EDCC8 /* Products */;
			projectDirPath = "";
			projectRoot = "";
			targets = (
				91831EE61B314A8E001EDCC8 /* Day4_PhotoBombersApp */,
				91831EFF1B314A8E001EDCC8 /* Day4_PhotoBombersAppTests */,
			);
		};
/* End PBXProject section */

/* Begin PBXResourcesBuildPhase section */
		91831EE51B314A8E001EDCC8 /* Resources */ = {
			isa = PBXResourcesBuildPhase;
			buildActionMask = 2147483647;
			files = (
				91831EF61B314A8E001EDCC8 /* Main.storyboard in Resources */,
				91831EFB1B314A8E001EDCC8 /* LaunchScreen.xib in Resources */,
				91831EF81B314A8E001EDCC8 /* Images.xcassets in Resources */,
				91831F1E1B316952001EDCC8 /* totoro.jpg in Resources */,
			);
			runOnlyForDeploymentPostprocessing = 0;
		};
		91831EFE1B314A8E001EDCC8 /* Resources */ = {
			isa = PBXResourcesBuildPhase;
			buildActionMask = 2147483647;
			files = (
			);
			runOnlyForDeploymentPostprocessing = 0;
		};
/* End PBXResourcesBuildPhase section */

/* Begin PBXSourcesBuildPhase section */
		91831EE31B314A8E001EDCC8 /* Sources */ = {
			isa = PBXSourcesBuildPhase;
			buildActionMask = 2147483647;
			files = (
				91831EF31B314A8E001EDCC8 /* ViewController.m in Sources */,
				91831F181B314F3E001EDCC8 /* PhotoCollectionViewCell.m in Sources */,
				91831EF01B314A8E001EDCC8 /* AppDelegate.m in Sources */,
				91831EED1B314A8E001EDCC8 /* main.m in Sources */,
			);
			runOnlyForDeploymentPostprocessing = 0;
		};
		91831EFC1B314A8E001EDCC8 /* Sources */ = {
			isa = PBXSourcesBuildPhase;
			buildActionMask = 2147483647;
			files = (
				91831F071B314A8E001EDCC8 /* Day4_PhotoBombersAppTests.m in Sources */,
			);
			runOnlyForDeploymentPostprocessing = 0;
		};
/* End PBXSourcesBuildPhase section */

/* Begin PBXTargetDependency section */
		91831F021B314A8E001EDCC8 /* PBXTargetDependency */ = {
			isa = PBXTargetDependency;
			target = 91831EE61B314A8E001EDCC8 /* Day4_PhotoBombersApp */;
			targetProxy = 91831F011B314A8E001EDCC8 /* PBXContainerItemProxy */;
		};
/* End PBXTargetDependency section */

/* Begin PBXVariantGroup section */
		91831EF41B314A8E001EDCC8 /* Main.storyboard */ = {
			isa = PBXVariantGroup;
			children = (
				91831EF51B314A8E001EDCC8 /* Base */,
			);
			name = Main.storyboard;
			sourceTree = "<group>";
		};
		91831EF91B314A8E001EDCC8 /* LaunchScreen.xib */ = {
			isa = PBXVariantGroup;
			children = (
				91831EFA1B314A8E001EDCC8 /* Base */,
			);
			name = LaunchScreen.xib;
			sourceTree = "<group>";
		};
/* End PBXVariantGroup section */

/* Begin XCBuildConfiguration section */
		91831F081B314A8E001EDCC8 /* Debug */ = {
			isa = XCBuildConfiguration;
			buildSettings = {
				ALWAYS_SEARCH_USER_PATHS = NO;
				CLANG_CXX_LANGUAGE_STANDARD = "gnu++0x";
				CLANG_CXX_LIBRARY = "libc++";
				CLANG_ENABLE_MODULES = YES;
				CLANG_ENABLE_OBJC_ARC = YES;
				CLANG_WARN_BOOL_CONVERSION = YES;
				CLANG_WARN_CONSTANT_CONVERSION = YES;
				CLANG_WARN_DIRECT_OBJC_ISA_USAGE = YES_ERROR;
				CLANG_WARN_EMPTY_BODY = YES;
				CLANG_WARN_ENUM_CONVERSION = YES;
				CLANG_WARN_INT_CONVERSION = YES;
				CLANG_WARN_OBJC_ROOT_CLASS = YES_ERROR;
				CLANG_WARN_UNREACHABLE_CODE = YES;
				CLANG_WARN__DUPLICATE_METHOD_MATCH = YES;
				"CODE_SIGN_IDENTITY[sdk=iphoneos*]" = "iPhone Developer";
				COPY_PHASE_STRIP = NO;
				DEBUG_INFORMATION_FORMAT = "dwarf-with-dsym";
				ENABLE_STRICT_OBJC_MSGSEND = YES;
				GCC_C_LANGUAGE_STANDARD = gnu99;
				GCC_DYNAMIC_NO_PIC = NO;
				GCC_NO_COMMON_BLOCKS = YES;
				GCC_OPTIMIZATION_LEVEL = 0;
				GCC_PREPROCESSOR_DEFINITIONS = (
					"DEBUG=1",
					"$(inherited)",
				);
				GCC_SYMBOLS_PRIVATE_EXTERN = NO;
				GCC_WARN_64_TO_32_BIT_CONVERSION = YES;
				GCC_WARN_ABOUT_RETURN_TYPE = YES_ERROR;
				GCC_WARN_UNDECLARED_SELECTOR = YES;
				GCC_WARN_UNINITIALIZED_AUTOS = YES_AGGRESSIVE;
				GCC_WARN_UNUSED_FUNCTION = YES;
				GCC_WARN_UNUSED_VARIABLE = YES;
				IPHONEOS_DEPLOYMENT_TARGET = 8.3;
				MTL_ENABLE_DEBUG_INFO = YES;
				ONLY_ACTIVE_ARCH = YES;
				SDKROOT = iphoneos;
			};
			name = Debug;
		};
		91831F091B314A8E001EDCC8 /* Release */ = {
			isa = XCBuildConfiguration;
			buildSettings = {
				ALWAYS_SEARCH_USER_PATHS = NO;
				CLANG_CXX_LANGUAGE_STANDARD = "gnu++0x";
				CLANG_CXX_LIBRARY = "libc++";
				CLANG_ENABLE_MODULES = YES;
				CLANG_ENABLE_OBJC_ARC = YES;
				CLANG_WARN_BOOL_CONVERSION = YES;
				CLANG_WARN_CONSTANT_CONVERSION = YES;
				CLANG_WARN_DIRECT_OBJC_ISA_USAGE = YES_ERROR;
				CLANG_WARN_EMPTY_BODY = YES;
				CLANG_WARN_ENUM_CONVERSION = YES;
				CLANG_WARN_INT_CONVERSION = YES;
				CLANG_WARN_OBJC_ROOT_CLASS = YES_ERROR;
				CLANG_WARN_UNREACHABLE_CODE = YES;
				CLANG_WARN__DUPLICATE_METHOD_MATCH = YES;
				"CODE_SIGN_IDENTITY[sdk=iphoneos*]" = "iPhone Developer";
				COPY_PHASE_STRIP = NO;
				DEBUG_INFORMATION_FORMAT = "dwarf-with-dsym";
				ENABLE_NS_ASSERTIONS = NO;
				ENABLE_STRICT_OBJC_MSGSEND = YES;
				GCC_C_LANGUAGE_STANDARD = gnu99;
				GCC_NO_COMMON_BLOCKS = YES;
				GCC_WARN_64_TO_32_BIT_CONVERSION = YES;
				GCC_WARN_ABOUT_RETURN_TYPE = YES_ERROR;
				GCC_WARN_UNDECLARED_SELECTOR = YES;
				GCC_WARN_UNINITIALIZED_AUTOS = YES_AGGRESSIVE;
				GCC_WARN_UNUSED_FUNCTION = YES;
				GCC_WARN_UNUSED_VARIABLE = YES;
				IPHONEOS_DEPLOYMENT_TARGET = 8.3;
				MTL_ENABLE_DEBUG_INFO = NO;
				SDKROOT = iphoneos;
				VALIDATE_PRODUCT = YES;
			};
			name = Release;
		};
		91831F0B1B314A8E001EDCC8 /* Debug */ = {
			isa = XCBuildConfiguration;
			buildSettings = {
				ASSETCATALOG_COMPILER_APPICON_NAME = AppIcon;
				INFOPLIST_FILE = Day4_PhotoBombersApp/Info.plist;
				LD_RUNPATH_SEARCH_PATHS = "$(inherited) @executable_path/Frameworks";
				PRODUCT_NAME = "$(TARGET_NAME)";
			};
			name = Debug;
		};
		91831F0C1B314A8E001EDCC8 /* Release */ = {
			isa = XCBuildConfiguration;
			buildSettings = {
				ASSETCATALOG_COMPILER_APPICON_NAME = AppIcon;
				INFOPLIST_FILE = Day4_PhotoBombersApp/Info.plist;
				LD_RUNPATH_SEARCH_PATHS = "$(inherited) @executable_path/Frameworks";
				PRODUCT_NAME = "$(TARGET_NAME)";
			};
			name = Release;
		};
		91831F0E1B314A8E001EDCC8 /* Debug */ = {
			isa = XCBuildConfiguration;
			buildSettings = {
				BUNDLE_LOADER = "$(TEST_HOST)";
				FRAMEWORK_SEARCH_PATHS = (
					"$(SDKROOT)/Developer/Library/Frameworks",
					"$(inherited)",
				);
				GCC_PREPROCESSOR_DEFINITIONS = (
					"DEBUG=1",
					"$(inherited)",
				);
				INFOPLIST_FILE = Day4_PhotoBombersAppTests/Info.plist;
				LD_RUNPATH_SEARCH_PATHS = "$(inherited) @executable_path/Frameworks @loader_path/Frameworks";
				PRODUCT_NAME = "$(TARGET_NAME)";
				TEST_HOST = "$(BUILT_PRODUCTS_DIR)/Day4_PhotoBombersApp.app/Day4_PhotoBombersApp";
			};
			name = Debug;
		};
		91831F0F1B314A8E001EDCC8 /* Release */ = {
			isa = XCBuildConfiguration;
			buildSettings = {
				BUNDLE_LOADER = "$(TEST_HOST)";
				FRAMEWORK_SEARCH_PATHS = (
					"$(SDKROOT)/Developer/Library/Frameworks",
					"$(inherited)",
				);
				INFOPLIST_FILE = Day4_PhotoBombersAppTests/Info.plist;
				LD_RUNPATH_SEARCH_PATHS = "$(inherited) @executable_path/Frameworks @loader_path/Frameworks";
				PRODUCT_NAME = "$(TARGET_NAME)";
				TEST_HOST = "$(BUILT_PRODUCTS_DIR)/Day4_PhotoBombersApp.app/Day4_PhotoBombersApp";
			};
			name = Release;
		};
/* End XCBuildConfiguration section */

/* Begin XCConfigurationList section */
		91831EE21B314A8E001EDCC8 /* Build configuration list for PBXProject "Day4_PhotoBombersApp" */ = {
			isa = XCConfigurationList;
			buildConfigurations = (
				91831F081B314A8E001EDCC8 /* Debug */,
				91831F091B314A8E001EDCC8 /* Release */,
			);
			defaultConfigurationIsVisible = 0;
			defaultConfigurationName = Release;
		};
		91831F0A1B314A8E001EDCC8 /* Build configuration list for PBXNativeTarget "Day4_PhotoBombersApp" */ = {
			isa = XCConfigurationList;
			buildConfigurations = (
				91831F0B1B314A8E001EDCC8 /* Debug */,
				91831F0C1B314A8E001EDCC8 /* Release */,
			);
			defaultConfigurationIsVisible = 0;
			defaultConfigurationName = Release;
		};
		91831F0D1B314A8E001EDCC8 /* Build configuration list for PBXNativeTarget "Day4_PhotoBombersAppTests" */ = {
			isa = XCConfigurationList;
			buildConfigurations = (
				91831F0E1B314A8E001EDCC8 /* Debug */,
				91831F0F1B314A8E001EDCC8 /* Release */,
			);
			defaultConfigurationIsVisible = 0;
			defaultConfigurationName = Release;
		};
/* End XCConfigurationList section */
	};
	rootObject = 91831EDF1B314A8E001EDCC8 /* Project object */;
}
